
Microsoft Visual Studio Solution File, Format Version 12.00
# Visual Studio 15
VisualStudioVersion = 15.0.27703.2000
MinimumVisualStudioVersion = 10.0.40219.1
Project("{FAE04EC0-301F-11D3-BF4B-00C04F79EFBC}") = "Tricorder", "Tricorder\Tricorder.csproj", "{57401DD5-477E-45DC-BE8E-D5D0FEF8E84A}"
EndProject
Project("{FAE04EC0-301F-11D3-BF4B-00C04F79EFBC}") = "Tricorder.Mobile.Android", "Tricorder.Mobile\Tricorder.Mobile.Android\Tricorder.Mobile.Android.csproj", "{E827C4DF-0A80-4CF9-8599-C4D1AF1D9117}"
EndProject
Project("{FAE04EC0-301F-11D3-BF4B-00C04F79EFBC}") = "Tricorder.Mobile.iOS", "Tricorder.Mobile\Tricorder.Mobile.iOS\Tricorder.Mobile.iOS.csproj", "{36A9A7D3-528E-45FC-9AC9-2CB5FE122993}"
EndProject
Project("{FAE04EC0-301F-11D3-BF4B-00C04F79EFBC}") = "Tricorder.Mobile.UWP", "Tricorder.Mobile\Tricorder.Mobile.UWP\Tricorder.Mobile.UWP.csproj", "{1392D82F-6544-4856-BF43-2F163398746E}"
EndProject
Project("{FAE04EC0-301F-11D3-BF4B-00C04F79EFBC}") = "Tricorder.Mobile", "Tricorder.Mobile\Tricorder.Mobile\Tricorder.Mobile.csproj", "{A020D391-029D-451E-A96C-0352107F34E6}"
EndProject
Global
	GlobalSection(SolutionConfigurationPlatforms) = preSolution
		Debug|Any CPU = Debug|Any CPU
		Debug|ARM = Debug|ARM
		Debug|iPhone = Debug|iPhone
		Debug|iPhoneSimulator = Debug|iPhoneSimulator
		Debug|x64 = Debug|x64
		Debug|x86 = Debug|x86
		Release|Any CPU = Release|Any CPU
		Release|ARM = Release|ARM
		Release|iPhone = Release|iPhone
		Release|iPhoneSimulator = Release|iPhoneSimulator
		Release|x64 = Release|x64
		Release|x86 = Release|x86
	EndGlobalSection
	GlobalSection(ProjectConfigurationPlatforms) = postSolution
		{57401DD5-477E-45DC-BE8E-D5D0FEF8E84A}.Debug|Any CPU.ActiveCfg = Debug|Any CPU
		{57401DD5-477E-45DC-BE8E-D5D0FEF8E84A}.Debug|Any CPU.Build.0 = Debug|Any CPU
		{57401DD5-477E-45DC-BE8E-D5D0FEF8E84A}.Debug|ARM.ActiveCfg = Debug|Any CPU
		{57401DD5-477E-45DC-BE8E-D5D0FEF8E84A}.Debug|ARM.Build.0 = Debug|Any CPU
		{57401DD5-477E-45DC-BE8E-D5D0FEF8E84A}.Debug|iPhone.ActiveCfg = Debug|Any CPU
		{57401DD5-477E-45DC-BE8E-D5D0FEF8E84A}.Debug|iPhone.Build.0 = Debug|Any CPU
		{57401DD5-477E-45DC-BE8E-D5D0FEF8E84A}.Debug|iPhoneSimulator.ActiveCfg = Debug|Any CPU
		{57401DD5-477E-45DC-BE8E-D5D0FEF8E84A}.Debug|iPhoneSimulator.Build.0 = Debug|Any CPU
		{57401DD5-477E-45DC-BE8E-D5D0FEF8E84A}.Debug|x64.ActiveCfg = Debug|Any CPU
		{57401DD5-477E-45DC-BE8E-D5D0FEF8E84A}.Debug|x64.Build.0 = Debug|Any CPU
		{57401DD5-477E-45DC-BE8E-D5D0FEF8E84A}.Debug|x86.ActiveCfg = Debug|Any CPU
		{57401DD5-477E-45DC-BE8E-D5D0FEF8E84A}.Debug|x86.Build.0 = Debug|Any CPU
		{57401DD5-477E-45DC-BE8E-D5D0FEF8E84A}.Release|Any CPU.ActiveCfg = Release|Any CPU
		{57401DD5-477E-45DC-BE8E-D5D0FEF8E84A}.Release|Any CPU.Build.0 = Release|Any CPU
		{57401DD5-477E-45DC-BE8E-D5D0FEF8E84A}.Release|ARM.ActiveCfg = Release|Any CPU
		{57401DD5-477E-45DC-BE8E-D5D0FEF8E84A}.Release|ARM.Build.0 = Release|Any CPU
		{57401DD5-477E-45DC-BE8E-D5D0FEF8E84A}.Release|iPhone.ActiveCfg = Release|Any CPU
		{57401DD5-477E-45DC-BE8E-D5D0FEF8E84A}.Release|iPhone.Build.0 = Release|Any CPU
		{57401DD5-477E-45DC-BE8E-D5D0FEF8E84A}.Release|iPhoneSimulator.ActiveCfg = Release|Any CPU
		{57401DD5-477E-45DC-BE8E-D5D0FEF8E84A}.Release|iPhoneSimulator.Build.0 = Release|Any CPU
		{57401DD5-477E-45DC-BE8E-D5D0FEF8E84A}.Release|x64.ActiveCfg = Release|Any CPU
		{57401DD5-477E-45DC-BE8E-D5D0FEF8E84A}.Release|x64.Build.0 = Release|Any CPU
		{57401DD5-477E-45DC-BE8E-D5D0FEF8E84A}.Release|x86.ActiveCfg = Release|Any CPU
		{57401DD5-477E-45DC-BE8E-D5D0FEF8E84A}.Release|x86.Build.0 = Release|Any CPU
		{E827C4DF-0A80-4CF9-8599-C4D1AF1D9117}.Debug|Any CPU.ActiveCfg = Debug|Any CPU
		{E827C4DF-0A80-4CF9-8599-C4D1AF1D9117}.Debug|Any CPU.Build.0 = Debug|Any CPU
		{E827C4DF-0A80-4CF9-8599-C4D1AF1D9117}.Debug|Any CPU.Deploy.0 = Debug|Any CPU
		{E827C4DF-0A80-4CF9-8599-C4D1AF1D9117}.Debug|ARM.ActiveCfg = Debug|Any CPU
		{E827C4DF-0A80-4CF9-8599-C4D1AF1D9117}.Debug|ARM.Build.0 = Debug|Any CPU
		{E827C4DF-0A80-4CF9-8599-C4D1AF1D9117}.Debug|ARM.Deploy.0 = Debug|Any CPU
		{E827C4DF-0A80-4CF9-8599-C4D1AF1D9117}.Debug|iPhone.ActiveCfg = Debug|Any CPU
		{E827C4DF-0A80-4CF9-8599-C4D1AF1D9117}.Debug|iPhone.Build.0 = Debug|Any CPU
		{E827C4DF-0A80-4CF9-8599-C4D1AF1D9117}.Debug|iPhone.Deploy.0 = Debug|Any CPU
		{E827C4DF-0A80-4CF9-8599-C4D1AF1D9117}.Debug|iPhoneSimulator.ActiveCfg = Debug|Any CPU
		{E827C4DF-0A80-4CF9-8599-C4D1AF1D9117}.Debug|iPhoneSimulator.Build.0 = Debug|Any CPU
		{E827C4DF-0A80-4CF9-8599-C4D1AF1D9117}.Debug|iPhoneSimulator.Deploy.0 = Debug|Any CPU
		{E827C4DF-0A80-4CF9-8599-C4D1AF1D9117}.Debug|x64.ActiveCfg = Debug|Any CPU
		{E827C4DF-0A80-4CF9-8599-C4D1AF1D9117}.Debug|x64.Build.0 = Debug|Any CPU
		{E827C4DF-0A80-4CF9-8599-C4D1AF1D9117}.Debug|x64.Deploy.0 = Debug|Any CPU
		{E827C4DF-0A80-4CF9-8599-C4D1AF1D9117}.Debug|x86.ActiveCfg = Debug|Any CPU
		{E827C4DF-0A80-4CF9-8599-C4D1AF1D9117}.Debug|x86.Build.0 = Debug|Any CPU
		{E827C4DF-0A80-4CF9-8599-C4D1AF1D9117}.Debug|x86.Deploy.0 = Debug|Any CPU
		{E827C4DF-0A80-4CF9-8599-C4D1AF1D9117}.Release|Any CPU.ActiveCfg = Release|Any CPU
		{E827C4DF-0A80-4CF9-8599-C4D1AF1D9117}.Release|Any CPU.Build.0 = Release|Any CPU
		{E827C4DF-0A80-4CF9-8599-C4D1AF1D9117}.Release|Any CPU.Deploy.0 = Release|Any CPU
		{E827C4DF-0A80-4CF9-8599-C4D1AF1D9117}.Release|ARM.ActiveCfg = Release|Any CPU
		{E827C4DF-0A80-4CF9-8599-C4D1AF1D9117}.Release|ARM.Build.0 = Release|Any CPU
		{E827C4DF-0A80-4CF9-8599-C4D1AF1D9117}.Release|ARM.Deploy.0 = Release|Any CPU
		{E827C4DF-0A80-4CF9-8599-C4D1AF1D9117}.Release|iPhone.ActiveCfg = Release|Any CPU
		{E827C4DF-0A80-4CF9-8599-C4D1AF1D9117}.Release|iPhone.Build.0 = Release|Any CPU
		{E827C4DF-0A80-4CF9-8599-C4D1AF1D9117}.Release|iPhone.Deploy.0 = Release|Any CPU
		{E827C4DF-0A80-4CF9-8599-C4D1AF1D9117}.Release|iPhoneSimulator.ActiveCfg = Release|Any CPU
		{E827C4DF-0A80-4CF9-8599-C4D1AF1D9117}.Release|iPhoneSimulator.Build.0 = Release|Any CPU
		{E827C4DF-0A80-4CF9-8599-C4D1AF1D9117}.Release|iPhoneSimulator.Deploy.0 = Release|Any CPU
		{E827C4DF-0A80-4CF9-8599-C4D1AF1D9117}.Release|x64.ActiveCfg = Release|Any CPU
		{E827C4DF-0A80-4CF9-8599-C4D1AF1D9117}.Release|x64.Build.0 = Release|Any CPU
		{E827C4DF-0A80-4CF9-8599-C4D1AF1D9117}.Release|x64.Deploy.0 = Release|Any CPU
		{E827C4DF-0A80-4CF9-8599-C4D1AF1D9117}.Release|x86.ActiveCfg = Release|Any CPU
		{E827C4DF-0A80-4CF9-8599-C4D1AF1D9117}.Release|x86.Build.0 = Release|Any CPU
		{E827C4DF-0A80-4CF9-8599-C4D1AF1D9117}.Release|x86.Deploy.0 = Release|Any CPU
		{36A9A7D3-528E-45FC-9AC9-2CB5FE122993}.Debug|Any CPU.ActiveCfg = Debug|iPhone
		{36A9A7D3-528E-45FC-9AC9-2CB5FE122993}.Debug|ARM.ActiveCfg = Debug|iPhone
		{36A9A7D3-528E-45FC-9AC9-2CB5FE122993}.Debug|iPhone.ActiveCfg = Debug|iPhone
		{36A9A7D3-528E-45FC-9AC9-2CB5FE122993}.Debug|iPhone.Build.0 = Debug|iPhone
		{36A9A7D3-528E-45FC-9AC9-2CB5FE122993}.Debug|iPhoneSimulator.ActiveCfg = Debug|iPhoneSimulator
		{36A9A7D3-528E-45FC-9AC9-2CB5FE122993}.Debug|iPhoneSimulator.Build.0 = Debug|iPhoneSimulator
		{36A9A7D3-528E-45FC-9AC9-2CB5FE122993}.Debug|x64.ActiveCfg = Debug|iPhone
		{36A9A7D3-528E-45FC-9AC9-2CB5FE122993}.Debug|x86.ActiveCfg = Debug|iPhone
		{36A9A7D3-528E-45FC-9AC9-2CB5FE122993}.Release|Any CPU.ActiveCfg = Release|iPhone
		{36A9A7D3-528E-45FC-9AC9-2CB5FE122993}.Release|ARM.ActiveCfg = Release|iPhone
		{36A9A7D3-528E-45FC-9AC9-2CB5FE122993}.Release|iPhone.ActiveCfg = Release|iPhone
		{36A9A7D3-528E-45FC-9AC9-2CB5FE122993}.Release|iPhone.Build.0 = Release|iPhone
		{36A9A7D3-528E-45FC-9AC9-2CB5FE122993}.Release|iPhoneSimulator.ActiveCfg = Release|iPhoneSimulator
		{36A9A7D3-528E-45FC-9AC9-2CB5FE122993}.Release|iPhoneSimulator.Build.0 = Release|iPhoneSimulator
		{36A9A7D3-528E-45FC-9AC9-2CB5FE122993}.Release|x64.ActiveCfg = Release|iPhone
		{36A9A7D3-528E-45FC-9AC9-2CB5FE122993}.Release|x86.ActiveCfg = Release|iPhone
		{1392D82F-6544-4856-BF43-2F163398746E}.Debug|Any CPU.ActiveCfg = Debug|x86
		{1392D82F-6544-4856-BF43-2F163398746E}.Debug|ARM.ActiveCfg = Debug|ARM
		{1392D82F-6544-4856-BF43-2F163398746E}.Debug|ARM.Build.0 = Debug|ARM
		{1392D82F-6544-4856-BF43-2F163398746E}.Debug|ARM.Deploy.0 = Debug|ARM
		{1392D82F-6544-4856-BF43-2F163398746E}.Debug|iPhone.ActiveCfg = Debug|x86
		{1392D82F-6544-4856-BF43-2F163398746E}.Debug|iPhoneSimulator.ActiveCfg = Debug|x86
		{1392D82F-6544-4856-BF43-2F163398746E}.Debug|x64.ActiveCfg = Debug|x64
		{1392D82F-6544-4856-BF43-2F163398746E}.Debug|x64.Build.0 = Debug|x64
		{1392D82F-6544-4856-BF43-2F163398746E}.Debug|x64.Deploy.0 = Debug|x64
		{1392D82F-6544-4856-BF43-2F163398746E}.Debug|x86.ActiveCfg = Debug|x86
		{1392D82F-6544-4856-BF43-2F163398746E}.Debug|x86.Build.0 = Debug|x86
		{1392D82F-6544-4856-BF43-2F163398746E}.Debug|x86.Deploy.0 = Debug|x86
		{1392D82F-6544-4856-BF43-2F163398746E}.Release|Any CPU.ActiveCfg = Release|x86
		{1392D82F-6544-4856-BF43-2F163398746E}.Release|ARM.ActiveCfg = Release|ARM
		{1392D82F-6544-4856-BF43-2F163398746E}.Release|ARM.Build.0 = Release|ARM
		{1392D82F-6544-4856-BF43-2F163398746E}.Release|ARM.Deploy.0 = Release|ARM
		{1392D82F-6544-4856-BF43-2F163398746E}.Release|iPhone.ActiveCfg = Release|x86
		{1392D82F-6544-4856-BF43-2F163398746E}.Release|iPhoneSimulator.ActiveCfg = Release|x86
		{1392D82F-6544-4856-BF43-2F163398746E}.Release|x64.ActiveCfg = Release|x64
		{1392D82F-6544-4856-BF43-2F163398746E}.Release|x64.Build.0 = Release|x64
		{1392D82F-6544-4856-BF43-2F163398746E}.Release|x64.Deploy.0 = Release|x64
		{1392D82F-6544-4856-BF43-2F163398746E}.Release|x86.ActiveCfg = Release|x86
		{1392D82F-6544-4856-BF43-2F163398746E}.Release|x86.Build.0 = Release|x86
		{1392D82F-6544-4856-BF43-2F163398746E}.Release|x86.Deploy.0 = Release|x86
		{A020D391-029D-451E-A96C-0352107F34E6}.Debug|Any CPU.ActiveCfg = Debug|Any CPU
		{A020D391-029D-451E-A96C-0352107F34E6}.Debug|Any CPU.Build.0 = Debug|Any CPU
		{A020D391-029D-451E-A96C-0352107F34E6}.Debug|ARM.ActiveCfg = Debug|Any CPU
		{A020D391-029D-451E-A96C-0352107F34E6}.Debug|ARM.Build.0 = Debug|Any CPU
		{A020D391-029D-451E-A96C-0352107F34E6}.Debug|iPhone.ActiveCfg = Debug|Any CPU
		{A020D391-029D-451E-A96C-0352107F34E6}.Debug|iPhone.Build.0 = Debug|Any CPU
		{A020D391-029D-451E-A96C-0352107F34E6}.Debug|iPhoneSimulator.ActiveCfg = Debug|Any CPU
		{A020D391-029D-451E-A96C-0352107F34E6}.Debug|iPhoneSimulator.Build.0 = Debug|Any CPU
		{A020D391-029D-451E-A96C-0352107F34E6}.Debug|x64.ActiveCfg = Debug|Any CPU
		{A020D391-029D-451E-A96C-0352107F34E6}.Debug|x64.Build.0 = Debug|Any CPU
		{A020D391-029D-451E-A96C-0352107F34E6}.Debug|x86.ActiveCfg = Debug|Any CPU
		{A020D391-029D-451E-A96C-0352107F34E6}.Debug|x86.Build.0 = Debug|Any CPU
		{A020D391-029D-451E-A96C-0352107F34E6}.Release|Any CPU.ActiveCfg = Release|Any CPU
		{A020D391-029D-451E-A96C-0352107F34E6}.Release|Any CPU.Build.0 = Release|Any CPU
		{A020D391-029D-451E-A96C-0352107F34E6}.Release|ARM.ActiveCfg = Release|Any CPU
		{A020D391-029D-451E-A96C-0352107F34E6}.Release|ARM.Build.0 = Release|Any CPU
		{A020D391-029D-451E-A96C-0352107F34E6}.Release|iPhone.ActiveCfg = Release|Any CPU
		{A020D391-029D-451E-A96C-0352107F34E6}.Release|iPhone.Build.0 = Release|Any CPU
		{A020D391-029D-451E-A96C-0352107F34E6}.Release|iPhoneSimulator.ActiveCfg = Release|Any CPU
		{A020D391-029D-451E-A96C-0352107F34E6}.Release|iPhoneSimulator.Build.0 = Release|Any CPU
		{A020D391-029D-451E-A96C-0352107F34E6}.Release|x64.ActiveCfg = Release|Any CPU
		{A020D391-029D-451E-A96C-0352107F34E6}.Release|x64.Build.0 = Release|Any CPU
		{A020D391-029D-451E-A96C-0352107F34E6}.Release|x86.ActiveCfg = Release|Any CPU
		{A020D391-029D-451E-A96C-0352107F34E6}.Release|x86.Build.0 = Release|Any CPU
	EndGlobalSection
	GlobalSection(SolutionProperties) = preSolution
		HideSolutionNode = FALSE
	EndGlobalSection
	GlobalSection(ExtensibilityGlobals) = postSolution
		SolutionGuid = {604A861D-B004-4BA6-80D4-E1CB90B3E4C1}
	EndGlobalSection
EndGlobal
